{
    "version": 3,
    "terraform_version": "0.7.7",
    "serial": 0,
    "lineage": "fce69ce5-3ff9-4edb-a591-ee9145f797d6",
    "modules": [
        {
            "path": [
                "root"
            ],
            "outputs": {
                "terraform_bucket": {
                    "sensitive": false,
                    "type": "string",
                    "value": "terraform-staging-c531e1f07a5ef008"
                }
            },
            "resources": {},
            "depends_on": []
        },
        {
            "path": [
                "root",
                "state"
            ],
            "outputs": {
                "terraform_bucket": {
                    "sensitive": false,
                    "type": "string",
                    "value": "terraform-staging-c531e1f07a5ef008"
                }
            },
            "resources": {
                "aws_s3_bucket.terraform": {
                    "type": "aws_s3_bucket",
                    "depends_on": [],
                    "primary": {
                        "id": "terraform-staging-c531e1f07a5ef008",
                        "attributes": {
                            "acceleration_status": "",
                            "acl": "private",
                            "arn": "arn:aws:s3:::terraform-staging-c531e1f07a5ef008",
                            "bucket": "terraform-staging-c531e1f07a5ef008",
                            "force_destroy": "false",
                            "hosted_zone_id": "Z1BKCTXD74EZPE",
                            "id": "terraform-staging-c531e1f07a5ef008",
                            "region": "eu-west-1",
                            "request_payer": "BucketOwner",
                            "tags.%": "0",
                            "versioning.#": "1",
                            "versioning.69840937.enabled": "true",
                            "website.#": "0"
                        },
                        "meta": {},
                        "tainted": false
                    },
                    "deposed": [],
                    "provider": ""
                }
            },
            "depends_on": []
        }
    ]
}
